
Microsoft Visual Studio Solution File, Format Version 12.00
# Visual Studio Version 16
VisualStudioVersion = 16.0.30114.105
MinimumVisualStudioVersion = 10.0.40219.1
Project("{9A19103F-16F7-4668-BE54-9A1E7A4F7556}") = "Models", "Models\Models.csproj", "{6B310325-4EEF-44A9-9308-B06640CE1174}"
EndProject
Project("{9A19103F-16F7-4668-BE54-9A1E7A4F7556}") = "DL", "DL\DL.csproj", "{AF83B7B8-BAA6-4FFF-996B-1934C96D00AF}"
EndProject
Project("{9A19103F-16F7-4668-BE54-9A1E7A4F7556}") = "Tests", "Tests\Tests.csproj", "{30CDDAD8-31D3-42A0-B5D4-079F80519C64}"
EndProject
Project("{9A19103F-16F7-4668-BE54-9A1E7A4F7556}") = "StoreBL", "StoreBL\StoreBL.csproj", "{95FBF71D-617B-4C6B-8F30-0CFD26484E78}"
EndProject
Project("{9A19103F-16F7-4668-BE54-9A1E7A4F7556}") = "WebUI", "WebUI\WebUI.csproj", "{F8F57CB4-BC32-4676-9D1E-961F433E5BF8}"
EndProject
Global
	GlobalSection(SolutionConfigurationPlatforms) = preSolution
		Debug|Any CPU = Debug|Any CPU
		Debug|x64 = Debug|x64
		Debug|x86 = Debug|x86
		Release|Any CPU = Release|Any CPU
		Release|x64 = Release|x64
		Release|x86 = Release|x86
	EndGlobalSection
	GlobalSection(ProjectConfigurationPlatforms) = postSolution
		{6B310325-4EEF-44A9-9308-B06640CE1174}.Debug|Any CPU.ActiveCfg = Debug|Any CPU
		{6B310325-4EEF-44A9-9308-B06640CE1174}.Debug|Any CPU.Build.0 = Debug|Any CPU
		{6B310325-4EEF-44A9-9308-B06640CE1174}.Debug|x64.ActiveCfg = Debug|Any CPU
		{6B310325-4EEF-44A9-9308-B06640CE1174}.Debug|x64.Build.0 = Debug|Any CPU
		{6B310325-4EEF-44A9-9308-B06640CE1174}.Debug|x86.ActiveCfg = Debug|Any CPU
		{6B310325-4EEF-44A9-9308-B06640CE1174}.Debug|x86.Build.0 = Debug|Any CPU
		{6B310325-4EEF-44A9-9308-B06640CE1174}.Release|Any CPU.ActiveCfg = Release|Any CPU
		{6B310325-4EEF-44A9-9308-B06640CE1174}.Release|Any CPU.Build.0 = Release|Any CPU
		{6B310325-4EEF-44A9-9308-B06640CE1174}.Release|x64.ActiveCfg = Release|Any CPU
		{6B310325-4EEF-44A9-9308-B06640CE1174}.Release|x64.Build.0 = Release|Any CPU
		{6B310325-4EEF-44A9-9308-B06640CE1174}.Release|x86.ActiveCfg = Release|Any CPU
		{6B310325-4EEF-44A9-9308-B06640CE1174}.Release|x86.Build.0 = Release|Any CPU
		{AF83B7B8-BAA6-4FFF-996B-1934C96D00AF}.Debug|Any CPU.ActiveCfg = Debug|Any CPU
		{AF83B7B8-BAA6-4FFF-996B-1934C96D00AF}.Debug|Any CPU.Build.0 = Debug|Any CPU
		{AF83B7B8-BAA6-4FFF-996B-1934C96D00AF}.Debug|x64.ActiveCfg = Debug|Any CPU
		{AF83B7B8-BAA6-4FFF-996B-1934C96D00AF}.Debug|x64.Build.0 = Debug|Any CPU
		{AF83B7B8-BAA6-4FFF-996B-1934C96D00AF}.Debug|x86.ActiveCfg = Debug|Any CPU
		{AF83B7B8-BAA6-4FFF-996B-1934C96D00AF}.Debug|x86.Build.0 = Debug|Any CPU
		{AF83B7B8-BAA6-4FFF-996B-1934C96D00AF}.Release|Any CPU.ActiveCfg = Release|Any CPU
		{AF83B7B8-BAA6-4FFF-996B-1934C96D00AF}.Release|Any CPU.Build.0 = Release|Any CPU
		{AF83B7B8-BAA6-4FFF-996B-1934C96D00AF}.Release|x64.ActiveCfg = Release|Any CPU
		{AF83B7B8-BAA6-4FFF-996B-1934C96D00AF}.Release|x64.Build.0 = Release|Any CPU
		{AF83B7B8-BAA6-4FFF-996B-1934C96D00AF}.Release|x86.ActiveCfg = Release|Any CPU
		{AF83B7B8-BAA6-4FFF-996B-1934C96D00AF}.Release|x86.Build.0 = Release|Any CPU
		{30CDDAD8-31D3-42A0-B5D4-079F80519C64}.Debug|Any CPU.ActiveCfg = Debug|Any CPU
		{30CDDAD8-31D3-42A0-B5D4-079F80519C64}.Debug|Any CPU.Build.0 = Debug|Any CPU
		{30CDDAD8-31D3-42A0-B5D4-079F80519C64}.Debug|x64.ActiveCfg = Debug|Any CPU
		{30CDDAD8-31D3-42A0-B5D4-079F80519C64}.Debug|x64.Build.0 = Debug|Any CPU
		{30CDDAD8-31D3-42A0-B5D4-079F80519C64}.Debug|x86.ActiveCfg = Debug|Any CPU
		{30CDDAD8-31D3-42A0-B5D4-079F80519C64}.Debug|x86.Build.0 = Debug|Any CPU
		{30CDDAD8-31D3-42A0-B5D4-079F80519C64}.Release|Any CPU.ActiveCfg = Release|Any CPU
		{30CDDAD8-31D3-42A0-B5D4-079F80519C64}.Release|Any CPU.Build.0 = Release|Any CPU
		{30CDDAD8-31D3-42A0-B5D4-079F80519C64}.Release|x64.ActiveCfg = Release|Any CPU
		{30CDDAD8-31D3-42A0-B5D4-079F80519C64}.Release|x64.Build.0 = Release|Any CPU
		{30CDDAD8-31D3-42A0-B5D4-079F80519C64}.Release|x86.ActiveCfg = Release|Any CPU
		{30CDDAD8-31D3-42A0-B5D4-079F80519C64}.Release|x86.Build.0 = Release|Any CPU
		{95FBF71D-617B-4C6B-8F30-0CFD26484E78}.Debug|Any CPU.ActiveCfg = Debug|Any CPU
		{95FBF71D-617B-4C6B-8F30-0CFD26484E78}.Debug|Any CPU.Build.0 = Debug|Any CPU
		{95FBF71D-617B-4C6B-8F30-0CFD26484E78}.Debug|x64.ActiveCfg = Debug|Any CPU
		{95FBF71D-617B-4C6B-8F30-0CFD26484E78}.Debug|x64.Build.0 = Debug|Any CPU
		{95FBF71D-617B-4C6B-8F30-0CFD26484E78}.Debug|x86.ActiveCfg = Debug|Any CPU
		{95FBF71D-617B-4C6B-8F30-0CFD26484E78}.Debug|x86.Build.0 = Debug|Any CPU
		{95FBF71D-617B-4C6B-8F30-0CFD26484E78}.Release|Any CPU.ActiveCfg = Release|Any CPU
		{95FBF71D-617B-4C6B-8F30-0CFD26484E78}.Release|Any CPU.Build.0 = Release|Any CPU
		{95FBF71D-617B-4C6B-8F30-0CFD26484E78}.Release|x64.ActiveCfg = Release|Any CPU
		{95FBF71D-617B-4C6B-8F30-0CFD26484E78}.Release|x64.Build.0 = Release|Any CPU
		{95FBF71D-617B-4C6B-8F30-0CFD26484E78}.Release|x86.ActiveCfg = Release|Any CPU
		{95FBF71D-617B-4C6B-8F30-0CFD26484E78}.Release|x86.Build.0 = Release|Any CPU
		{F8F57CB4-BC32-4676-9D1E-961F433E5BF8}.Debug|Any CPU.ActiveCfg = Debug|Any CPU
		{F8F57CB4-BC32-4676-9D1E-961F433E5BF8}.Debug|Any CPU.Build.0 = Debug|Any CPU
		{F8F57CB4-BC32-4676-9D1E-961F433E5BF8}.Debug|x64.ActiveCfg = Debug|Any CPU
		{F8F57CB4-BC32-4676-9D1E-961F433E5BF8}.Debug|x64.Build.0 = Debug|Any CPU
		{F8F57CB4-BC32-4676-9D1E-961F433E5BF8}.Debug|x86.ActiveCfg = Debug|Any CPU
		{F8F57CB4-BC32-4676-9D1E-961F433E5BF8}.Debug|x86.Build.0 = Debug|Any CPU
		{F8F57CB4-BC32-4676-9D1E-961F433E5BF8}.Release|Any CPU.ActiveCfg = Release|Any CPU
		{F8F57CB4-BC32-4676-9D1E-961F433E5BF8}.Release|Any CPU.Build.0 = Release|Any CPU
		{F8F57CB4-BC32-4676-9D1E-961F433E5BF8}.Release|x64.ActiveCfg = Release|Any CPU
		{F8F57CB4-BC32-4676-9D1E-961F433E5BF8}.Release|x64.Build.0 = Release|Any CPU
		{F8F57CB4-BC32-4676-9D1E-961F433E5BF8}.Release|x86.ActiveCfg = Release|Any CPU
		{F8F57CB4-BC32-4676-9D1E-961F433E5BF8}.Release|x86.Build.0 = Release|Any CPU
	EndGlobalSection
	GlobalSection(SolutionProperties) = preSolution
		HideSolutionNode = FALSE
	EndGlobalSection
	GlobalSection(ExtensibilityGlobals) = postSolution
		SolutionGuid = {952363D0-8449-422C-9323-9D85AB586822}
	EndGlobalSection
EndGlobal
